version = 1
revision = 3
requires-python = ">=3.12"

[[package]]
name = "altgraph"
version = "0.17.5"
source = { registry = "https://pypi.org/simple" }
sdist = { url = "https://files.pythonhosted.org/packages/7e/f8/97fdf103f38fed6792a1601dbc16cc8aac56e7459a9fff08c812d8ae177a/altgraph-0.17.5.tar.gz", hash = "sha256:c87b395dd12fabde9c99573a9749d67da8d29ef9de0125c7f536699b4a9bc9e7", size = 48428, upload-time = "2025-11-21T20:35:50.583Z" }
wheels = [
    { url = "https://files.pythonhosted.org/packages/a9/ba/000a1996d4308bc65120167c21241a3b205464a2e0b58deda26ae8ac21d1/altgraph-0.17.5-py2.py3-none-any.whl", hash = "sha256:f3a22400bce1b0c701683820ac4f3b159cd301acab067c51c653e06961600597", size = 21228, upload-time = "2025-11-21T20:35:49.444Z" },
]

[[package]]
name = "colorama"
version = "0.4.6"
source = { registry = "https://pypi.org/simple" }
sdist = { url = "https://files.pythonhosted.org/packages/d8/53/6f443c9a4a8358a93a6792e2acffb9d9d5cb0a5cfd8802644b7b1c9a02e4/colorama-0.4.6.tar.gz", hash = "sha256:08695f5cb7ed6e0531a20572697297273c47b8cae5a63ffc6d6ed5c201be6e44", size = 27697, upload-time = "2022-10-25T02:36:22.414Z" }
wheels = [
    { url = "https://files.pythonhosted.org/packages/d1/d6/3965ed04c63042e047cb6a3e6ed1a63a35087b6a609aa3a15ed8ac56c221/colorama-0.4.6-py2.py3-none-any.whl", hash = "sha256:4f1d9991f5acc0ca119f9d443620b77f9d6b33703e51011c16baf57afb285fc6", size = 25335, upload-time = "2022-10-25T02:36:20.889Z" },
]

[[package]]
name = "coverage"
version = "7.14.0"
source = { registry = "https://pypi.org/simple" }
sdist = { url = "https://files.pythonhosted.org/packages/23/7f/d0720730a397a999ffc0fd3f5bebef347338e3a47b727da66fbb228e2ff2/coverage-7.14.0.tar.gz", hash = "sha256:057a6af2f160a85384cde4ab36f0d2777bae1057bae255f95413cdd382aa5c74", size = 919489, upload-time = "2026-05-10T18:02:31.397Z" }
wheels = [
    { url = "https://files.pythonhosted.org/packages/09/1e/2f996b2c8415cbb6f54b0f5ec1ee850c96d7911961afb4fc05f4a89d8c58/coverage-7.14.0-cp312-cp312-macosx_10_13_x86_64.whl", hash = "sha256:7ffd19fc8aed057fd686a17a4935eef5f9859d69208f96310e893e64b9b6ccf5", size = 219967, upload-time = "2026-05-10T18:00:13.756Z" },
    { url = "https://files.pythonhosted.org/packages/34/23/35c7aea1274aef7525bdd2dc92f710bdde6d11652239d71d1ec450067939/coverage-7.14.0-cp312-cp312-macosx_11_0_arm64.whl", hash = "sha256:829994cfe1aeb773ca27bf246d4badc1e764893e3bfb98fff820fcecd1ca4662", size = 220329, upload-time = "2026-05-10T18:00:15.264Z" },
    { url = "https://files.pythonhosted.org/packages/75/cf/a8f4b43a16e194b0261257ad28ded5853ec052570afef4a84e1d81189f3b/coverage-7.14.0-cp312-cp312-manylinux1_i686.manylinux_2_28_i686.manylinux_2_5_i686.whl", hash = "sha256:b4f07cf7edcb7ec39431a5074d7ea83b29a9f71fcfc494f0f40af4e65180420f", size = 251839, upload-time = "2026-05-10T18:00:17.16Z" },
    { url = "https://files.pythonhosted.org/packages/69/ff/6699e7b71e60d3049eb2bdcbc95ee3f35707b2b0e48f32e9e63d3ce30c08/coverage-7.14.0-cp312-cp312-manylinux1_x86_64.manylinux_2_28_x86_64.manylinux_2_5_x86_64.whl", hash = "sha256:ca3d9cf2c32b521bd9518385608787fa86f38daf993695307531822c3430ed67", size = 254576, upload-time = "2026-05-10T18:00:18.829Z" },
    { url = "https://files.pythonhosted.org/packages/22/ec/c936d495fcd67f48f03a9c4ad3297ff80d1f222a5df3980f15b34c186c21/coverage-7.14.0-cp312-cp312-manylinux2014_aarch64.manylinux_2_17_aarch64.manylinux_2_28_aarch64.whl", hash = "sha256:92af52828e7f29d827346b0294e5a0853fa206db77db0395b282918d41e28db9", size = 255690, upload-time = "2026-05-10T18:00:20.648Z" },
    { url = "https://files.pythonhosted.org/packages/5c/42/5af63f636cc62a4a2b1b3ba9146f6ee6f53a35a50d5cefc54d5670f60999/coverage-7.14.0-cp312-cp312-manylinux2014_ppc64le.manylinux_2_17_ppc64le.manylinux_2_28_ppc64le.whl", hash = "sha256:7b2bb6c9d7e769360d0f20a0f219603fd64f0c8f97de17ab25853261602be0fb", size = 257949, upload-time = "2026-05-10T18:00:22.28Z" },
    { url = "https://files.pythonhosted.org/packages/26/d3/a225317bd2012132a27e1176d51660b826f99bb975876463c44ea0d7ee5a/coverage-7.14.0-cp312-cp312-manylinux_2_31_riscv64.manylinux_2_39_riscv64.whl", hash = "sha256:1c9ed6ef99f88fb8c14aa8e2bf8eb0fe55fa2edfea68f8675d78741df1a5ac0e", size = 252242, upload-time = "2026-05-10T18:00:24.076Z" },
    { url = "https://files.pythonhosted.org/packages/f1/7f/9e65495298c3ea414742998539c37d048b5e81cc818fb1828cc6b51d10bf/coverage-7.14.0-cp312-cp312-musllinux_1_2_aarch64.whl", hash = "sha256:8231ade007f37959fbf58acc677f26b922c02eda6f0428ea307da0fd39681bf3", size = 253608, upload-time = "2026-05-10T18:00:25.588Z" },
    { url = "https://files.pythonhosted.org/packages/94/46/1522b524a35bdad22b2b8c4f9d32d0a104b524726ec380b2db68db1746f5/coverage-7.14.0-cp312-cp312-musllinux_1_2_i686.whl", hash = "sha256:d8b013632cc1ce1d09dbe4f32667b4d320ec2f54fc326ebeffcd0b0bcc2bb6c4", size = 251753, upload-time = "2026-05-10T18:00:27.104Z" },
    { url = "https://files.pythonhosted.org/packages/f3/e9/cdf00d38817742c541ade405e115a3f7bf36e6f2a8b99d4f209861b85a2d/coverage-7.14.0-cp312-cp312-musllinux_1_2_ppc64le.whl", hash = "sha256:1733198802d71ec4c524f322e2867ee05c62e9e75df86bdca545407a221827d1", size = 255823, upload-time = "2026-05-10T18:00:29.038Z" },
    { url = "https://files.pythonhosted.org/packages/38/fc/5e7877cf5f902d08a17ff1c532511476d87e1bea355bd5028cb97f902e79/coverage-7.14.0-cp312-cp312-musllinux_1_2_riscv64.whl", hash = "sha256:72a305291fa8ee01332f1aaf38b348ca34097f6aa0b0ef627eef2837e57bbba5", size = 251323, upload-time = "2026-05-10T18:00:30.647Z" },
    { url = "https://files.pythonhosted.org/packages/18/9d/50f05a72dff8487464fdd4178dda5daed642a060e60afb644e3d45123559/coverage-7.14.0-cp312-cp312-musllinux_1_2_x86_64.whl", hash = "sha256:fcaba850dd317c65423a9d63d88f9573c53b00354d6dd95724576cc98a131595", size = 253197, upload-time = "2026-05-10T18:00:32.211Z" },
    { url = "https://files.pythonhosted.org/packages/00/3f/6f61ffe6439df266c3cf60f5c99cfaa21103d0210d706a42fc6c30683ff8/coverage-7.14.0-cp312-cp312-win32.whl", hash = "sha256:5ac83957a80d0701310e96d8bec68cdcf4f90a7674b7d13f15a344315b41ab27", size = 222515, upload-time = "2026-05-10T18:00:33.717Z" },
    { url = "https://files.pythonhosted.org/packages/85/19/93853133df2cb371083285ef6a93982a0173e7a233b0f61373ba9fd30eb2/coverage-7.14.0-cp312-cp312-win_amd64.whl", hash = "sha256:70390b0da32cb90b501953716302906e8bcce087cb283e70d8c97729f22e92b2", size = 223324, upload-time = "2026-05-10T18:00:35.172Z" },
    { url = "https://files.pythonhosted.org/packages/74/18/9f7fe62f659f24b7a82a0be56bf94c1bd0a89e0ae7ab4c668f6e82404294/coverage-7.14.0-cp312-cp312-win_arm64.whl", hash = "sha256:91b993743d959b8be85b4abf9d5478216a69329c321efe5be0433c1a841d691d", size = 221944, upload-time = "2026-05-10T18:00:37.014Z" },
    { url = "https://files.pythonhosted.org/packages/6b/76/b7c66ee3c66e1b0f9d894c8125983aa0c03fb2336f2fd16559f9c966157f/coverage-7.14.0-cp313-cp313-macosx_10_13_x86_64.whl", hash = "sha256:f2bbb8254370eb4c628ff3d6fa8a7f74ddc40565394d4f7ab791d1fe568e37ef", size = 219990, upload-time = "2026-05-10T18:00:38.887Z" },
    { url = "https://files.pythonhosted.org/packages/b3/af/e567cbad5ba69c013a50146dfa886dc7193361fda77521f51274ff620e1b/coverage-7.14.0-cp313-cp313-macosx_11_0_arm64.whl", hash = "sha256:23b81107f46d3f21d0cbce30664fcec0f5d9f585638a67081750f99738f6bf66", size = 220365, upload-time = "2026-05-10T18:00:40.864Z" },
    { url = "https://files.pythonhosted.org/packages/44/6f/9ad575d505b4d805b254febc8a5b338a2efe278f8786e56ff1cb8413f9c3/coverage-7.14.0-cp313-cp313-manylinux1_i686.manylinux_2_28_i686.manylinux_2_5_i686.whl", hash = "sha256:22a7e06a5f11a757cdfe79018e9095f9f69ae283c5cd8123774c788deec8717b", size = 251363, upload-time = "2026-05-10T18:00:42.489Z" },
    { url = "https://files.pythonhosted.org/packages/6f/5f/b5370068b2f57787454592ed7dcd1002f0f1703b7db1fa30f6a325a4ca6e/coverage-7.14.0-cp313-cp313-manylinux1_x86_64.manylinux_2_28_x86_64.manylinux_2_5_x86_64.whl", hash = "sha256:9d1aa57a1dc8e05bdc42e81c5d671d849577aeedf279f4c449d6d286f9ed88ca", size = 253961, upload-time = "2026-05-10T18:00:44.079Z" },
    { url = "https://files.pythonhosted.org/packages/29/1e/51adf17738976e8f2b85ddef7b7aa12a0838b056c92f175941d8862767c1/coverage-7.14.0-cp313-cp313-manylinux2014_aarch64.manylinux_2_17_aarch64.manylinux_2_28_aarch64.whl", hash = "sha256:90c1a51bcfddf645b3bb7ec333d9e94393a8e94f55642380fa8a9a5a9e636cb7", size = 255193, upload-time = "2026-05-10T18:00:45.623Z" },
    { url = "https://files.pythonhosted.org/packages/9e/7b/5bfd7ac1df3b881c2ac7a5cbc99c7609e6296c402f5ef587cd81c6f355b3/coverage-7.14.0-cp313-cp313-manylinux2014_ppc64le.manylinux_2_17_ppc64le.manylinux_2_28_ppc64le.whl", hash = "sha256:a841fae2fadcae4f438d43b6ccc4aac2ad609f47cdb6cfdce60cbb3fe5ca7bc2", size = 257326, upload-time = "2026-05-10T18:00:47.173Z" },
    { url = "https://files.pythonhosted.org/packages/7d/38/1d37d316b174fad3843a1d76dbdfe4398771c9ecd0515935dd9ece9cd627/coverage-7.14.0-cp313-cp313-manylinux_2_31_riscv64.manylinux_2_39_riscv64.whl", hash = "sha256:c79d2319cabef1fe8e86df73371126931550804738f78ad7d31e3aad85a67367", size = 251582, upload-time = "2026-05-10T18:00:49.152Z" },
    { url = "https://files.pythonhosted.org/packages/34/46/746704f95980ba220214e1a41e18cec5aea80a898eaa53c51bf2d645ff36/coverage-7.14.0-cp313-cp313-musllinux_1_2_aarch64.whl", hash = "sha256:1b23b0c6f0b1db6ad769b7050c8b641c0bf215ded26c1816955b17b7f26edfa9", size = 253325, upload-time = "2026-05-10T18:00:51.252Z" },
    { url = "https://files.pythonhosted.org/packages/e1/b9/bbe87206d9687b192352f893797825b5f5b15ecd3aa9c68fbff0c074d77b/coverage-7.14.0-cp313-cp313-musllinux_1_2_i686.whl", hash = "sha256:55d3089079ce181a4566b1065ab28d2575eb76d8ac8f81f4fcda2bf037fee087", size = 251291, upload-time = "2026-05-10T18:00:52.816Z" },
    { url = "https://files.pythonhosted.org/packages/46/57/b8cdb12ac0d73ef0243218bd5e22c9df8f92edab8018213a86aec67c5324/coverage-7.14.0-cp313-cp313-musllinux_1_2_ppc64le.whl", hash = "sha256:49c005cba1e2f9677fb2845dcdf9a2e72a52a17d63e8231aaaae35d9f50215ef", size = 255448, upload-time = "2026-05-10T18:00:54.548Z" },
    { url = "https://files.pythonhosted.org/packages/1f/d4/5002019538b2036ce3c84340f54d2fd5100d55b0a6b0894eee56128d03c7/coverage-7.14.0-cp313-cp313-musllinux_1_2_riscv64.whl", hash = "sha256:9117377b823daa28aa8635fbb08cda1cd6be3d7143257345459559aeef852d52", size = 251110, upload-time = "2026-05-10T18:00:56.122Z" },
    { url = "https://files.pythonhosted.org/packages/37/53/20c5009477660f084e6ed60bc02a91894b8e234e617e86ecfd9aaf78e27b/coverage-7.14.0-cp313-cp313-musllinux_1_2_x86_64.whl", hash = "sha256:7b79d646cf46d5cf9a9f40281d4441df5849e445726e369006d2b117710b33fe", size = 252885, upload-time = "2026-05-10T18:00:57.967Z" },
    { url = "https://files.pythonhosted.org/packages/ae/ab/3cf6427ac9c1f1db747dbb1ce71dde47984876d4c2cfd018a3fef0a78d4d/coverage-7.14.0-cp313-cp313-win32.whl", hash = "sha256:fb609b3658479e33f9516d46f1a89dbb9b6c261366e3a11844a96ec487533dae", size = 222539, upload-time = "2026-05-10T18:00:59.581Z" },
    { url = "https://files.pythonhosted.org/packages/8f/b8/9228523e80321c2cb4880d1f589bc0171f2f71432c35118ad04dc01decce/coverage-7.14.0-cp313-cp313-win_amd64.whl", hash = "sha256:0773d8329cf32b6fd222e4b52622c61fe8d503eb966cfc8d3c3c10c96266d50e", size = 223344, upload-time = "2026-05-10T18:01:01.531Z" },
    { url = "https://files.pythonhosted.org/packages/a3/99/118daa192f95e3a6cb2740100fbf8797cda1734b4134ef0b5d501a7fa8f3/coverage-7.14.0-cp313-cp313-win_arm64.whl", hash = "sha256:b4e26a0f1b696faf283bffe5b8569e44e336c582439df5d53281ab89ee0cba96", size = 221966, upload-time = "2026-05-10T18:01:03.16Z" },
    { url = "https://files.pythonhosted.org/packages/e6/f1/a46cc0c013be170216253184a32366d7cbdb9252feaec866b05c2d12a894/coverage-7.14.0-cp313-cp313t-macosx_10_13_x86_64.whl", hash = "sha256:953f521ca9445300397e65fda3dca58b2dbd68fee983777420b57ac3c77e9f90", size = 220679, upload-time = "2026-05-10T18:01:05.058Z" },
    { url = "https://files.pythonhosted.org/packages/64/8c/9c30a3d311a34177fa432995be7fbfc64477d8bac5630bd38055b1c9b424/coverage-7.14.0-cp313-cp313t-macosx_11_0_arm64.whl", hash = "sha256:98af83fd65ae24b1fdd03aaead967a9f523bcd2f1aab2d4f3ffda65bb568a6f1", size = 221033, upload-time = "2026-05-10T18:01:07.002Z" },
    { url = "https://files.pythonhosted.org/packages/9a/cd/3fb5e06c3badefd0c1b47e2044fdca67f8220a4ec2e7fcfb476aa0a67c6c/coverage-7.14.0-cp313-cp313t-manylinux1_i686.manylinux_2_28_i686.manylinux_2_5_i686.whl", hash = "sha256:668b92e6958c4db7cf92e81caac328dfbbdbb215db2850ad28f0cbe1eea0bfbd", size = 262333, upload-time = "2026-05-10T18:01:08.903Z" },
    { url = "https://files.pythonhosted.org/packages/a8/e6/fbc322325c7294d3e22c1ad6b79e45d0806b25228c8e5842aed6d8169aa7/coverage-7.14.0-cp313-cp313t-manylinux1_x86_64.manylinux_2_28_x86_64.manylinux_2_5_x86_64.whl", hash = "sha256:9fbd898551762dea00d3fef2b1c4f99afd2c6a3ff952ea07d60a9bd5ed4f34bc", size = 264410, upload-time = "2026-05-10T18:01:10.531Z" },
    { url = "https://files.pythonhosted.org/packages/08/92/c497b264bec1673c47cc77e26f760fcda4654cabf1f39546d1a23a3b8c35/coverage-7.14.0-cp313-cp313t-manylinux2014_aarch64.manylinux_2_17_aarch64.manylinux_2_28_aarch64.whl", hash = "sha256:68af363c07ecd8d4b7d4043d85cb376d7d227eceb54e5323ee45da73dbd3e426", size = 266836, upload-time = "2026-05-10T18:01:12.19Z" },
    { url = "https://files.pythonhosted.org/packages/78/fc/045da320987f401af5d2815d351e8aa799aec859f60e29f445e3089eeedb/coverage-7.14.0-cp313-cp313t-manylinux2014_ppc64le.manylinux_2_17_ppc64le.manylinux_2_28_ppc64le.whl", hash = "sha256:6e57054a583da8ac55edf24117ea4c9133032cfc4cf72aa2d48c1e5d4b52f899", size = 267974, upload-time = "2026-05-10T18:01:13.926Z" },
    { url = "https://files.pythonhosted.org/packages/1b/ae/227b1e379497fb7a4fc3286e620f80c8a1e7cec66d45695a01639eb1af65/coverage-7.14.0-cp313-cp313t-manylinux_2_31_riscv64.manylinux_2_39_riscv64.whl", hash = "sha256:cc3499459bbcdd51a65b64c35ab7ed2764eaf3cba826e0df3f1d7fe2e102b70b", size = 261578, upload-time = "2026-05-10T18:01:15.564Z" },
    { url = "https://files.pythonhosted.org/packages/a0/f5/3570342900f2acea31d33ff1590c5d8bac1a8e1a2e1c6d34a5d5e61de681/coverage-7.14.0-cp313-cp313t-musllinux_1_2_aarch64.whl", hash = "sha256:45899ec2138a4346ed34d601dedf5076fb74edf2d1dd9dc76a78e82397edee90", size = 264394, upload-time = "2026-05-10T18:01:17.607Z" },
    { url = "https://files.pythonhosted.org/packages/16/29/de1bbc01c935b28f89b1dc3db85b011c055e843a8e5e3b83141c3f80af7f/coverage-7.14.0-cp313-cp313t-musllinux_1_2_i686.whl", hash = "sha256:8767486808c436f05b23ab98eb963fb29185e32a9357a166971685cb3459900f", size = 262022, upload-time = "2026-05-10T18:01:19.304Z" },
    { url = "https://files.pythonhosted.org/packages/35/95/f53890b0bf2fc10ab168e05d38869215e73ca24c4cb521c3bb0eb62fe16b/coverage-7.14.0-cp313-cp313t-musllinux_1_2_ppc64le.whl", hash = "sha256:a3b5ddfd6aa7ddad53ee3edb231e88a2151507a43229b7d71b953916deca127d", size = 265732, upload-time = "2026-05-10T18:01:21.494Z" },
    { url = "https://files.pythonhosted.org/packages/ed/ea/c919e259081dd2bdf0e43b87209709ba7ec2e4117c2a7f5185379c43463c/coverage-7.14.0-cp313-cp313t-musllinux_1_2_riscv64.whl", hash = "sha256:63df0fe568e698e1045792399f8ab6da3a6c2dce3182813fb92afa2641087b47", size = 260921, upload-time = "2026-05-10T18:01:23.533Z" },
    { url = "https://files.pythonhosted.org/packages/1a/2c/c2831889705a81dc5d1c6ca12e4d8e9b95dfc146d153488a6c0ea685d28e/coverage-7.14.0-cp313-cp313t-musllinux_1_2_x86_64.whl", hash = "sha256:827d6397dbd95144939b18f89edf31f63e1f99633e8d5f32f22ba8bdda567477", size = 263109, upload-time = "2026-05-10T18:01:25.165Z" },
    { url = "https://files.pythonhosted.org/packages/5a/a9/2fcae5003cac3d63fe344d2166243c2756935f48420863c5272b240d550b/coverage-7.14.0-cp313-cp313t-win32.whl", hash = "sha256:7bf43e000d24012599b879791cff41589af90674722421ef11b11a5431920bab", size = 223212, upload-time = "2026-05-10T18:01:27.157Z" },
    { url = "https://files.pythonhosted.org/packages/3f/bb/18e94d7b14b9b398164197114a587a04ab7c9fdbe1d237eef57311c5e883/coverage-7.14.0-cp313-cp313t-win_amd64.whl", hash = "sha256:3f5549365af25d770e06b1f8f5682d9a5637d06eb494db91c6fa75d3950cc917", size = 224272, upload-time = "2026-05-10T18:01:29.107Z" },
    { url = "https://files.pythonhosted.org/packages/db/56/4f14fad782b035c81c4ffd09159e7103d42bb1d93ac8496d04b90a11b7da/coverage-7.14.0-cp313-cp313t-win_arm64.whl", hash = "sha256:6d160217ec6fe890f16ad3a9531761589443749e448f91986c972714fad361c8", size = 222530, upload-time = "2026-05-10T18:01:31.151Z" },
    { url = "https://files.pythonhosted.org/packages/1c/18/b9a6586d73992807c26f9a5f274131be3d76b56b18a82b9392e2a25d2e45/coverage-7.14.0-cp314-cp314-macosx_10_15_x86_64.whl", hash = "sha256:9aed9fa983514ca032790f3fe0d1c0e42ca7e16b42432af1706b50a9a46bef5d", size = 220036, upload-time = "2026-05-10T18:01:33.057Z" },
    { url = "https://files.pythonhosted.org/packages/f3/9b/4165a1d56ddc302a0e2d518fd9d412a4fd0b57562618c78c5f21c57194f5/coverage-7.14.0-cp314-cp314-macosx_11_0_arm64.whl", hash = "sha256:ba3b8390db29296dbbf49e91b6fe08f990743a90c8f447ba4c2ffc29670dfa63", size = 220368, upload-time = "2026-05-10T18:01:34.705Z" },
    { url = "https://files.pythonhosted.org/packages/69/aa/c12e52a5ba148d9995229d557e3be6e554fe469addc0e9241b2f0956d8ea/coverage-7.14.0-cp314-cp314-manylinux1_i686.manylinux_2_28_i686.manylinux_2_5_i686.whl", hash = "sha256:3a5d8e876dfa2f102e970b183863d6dedd023d3c0eeca1fe7a9787bc5f28b212", size = 251417, upload-time = "2026-05-10T18:01:36.949Z" },
    { url = "https://files.pythonhosted.org/packages/d7/51/ec641c26e6dca1b25a7d2035ba6ecb7c884ef1a100a9e42fbe4ce4405139/coverage-7.14.0-cp314-cp314-manylinux1_x86_64.manylinux_2_28_x86_64.manylinux_2_5_x86_64.whl", hash = "sha256:5ebb8f4614a3787d567e610bbfdf96a4798dd69a1afb1bd8ad228d4111fe6ff3", size = 253924, upload-time = "2026-05-10T18:01:38.985Z" },
    { url = "https://files.pythonhosted.org/packages/33/c4/59c3de0bd1b538824173fd518fed51c1ce740ca5ed68e74545983f4053a9/coverage-7.14.0-cp314-cp314-manylinux2014_aarch64.manylinux_2_17_aarch64.manylinux_2_28_aarch64.whl", hash = "sha256:6b9bf47223dd8db3d4c4b2e443b02bace480d428f0822c3f991600448a176c97", size = 255269, upload-time = "2026-05-10T18:01:40.957Z" },
    { url = "https://files.pythonhosted.org/packages/7b/a9/36dfa153a62040296f6e7febfdb20a5720622f6ef5a81a41e8237b9a5344/coverage-7.14.0-cp314-cp314-manylinux2014_ppc64le.manylinux_2_17_ppc64le.manylinux_2_28_ppc64le.whl", hash = "sha256:3485a836550b303d006d57cc06e3d5afaabc642c77050b7c985a97b13e3776b8", size = 257583, upload-time = "2026-05-10T18:01:42.607Z" },
    { url = "https://files.pythonhosted.org/packages/26/7b/cc2c048d4114d9ab1c2409e9ee365e5ae10736df6dffcfc9444effa6c708/coverage-7.14.0-cp314-cp314-manylinux_2_31_riscv64.manylinux_2_39_riscv64.whl", hash = "sha256:3e7e88110bae996d199d1693ca8ec3fd52441d426401ae963437598667b4c5eb", size = 251434, upload-time = "2026-05-10T18:01:44.537Z" },
    { url = "https://files.pythonhosted.org/packages/ee/df/6770eaa576e604575e9a78055313250faef5faa84bd6f71a39fece519c43/coverage-7.14.0-cp314-cp314-musllinux_1_2_aarch64.whl", hash = "sha256:15228a6800ce7bdf1b74800595e56db7138cecb338fdbf044806e10dcf182dfe", size = 253280, upload-time = "2026-05-10T18:01:46.175Z" },
    { url = "https://files.pythonhosted.org/packages/ad/9e/1c0264514a3f98259a6d64765a397b2c8373e3ba59ee722a4802d3ec0c61/coverage-7.14.0-cp314-cp314-musllinux_1_2_i686.whl", hash = "sha256:9d26ac7f5398bafc5b57421ad994e8a4749e8a7a0e62d05ec7d53014d5963bfa", size = 251241, upload-time = "2026-05-10T18:01:48.732Z" },
    { url = "https://files.pythonhosted.org/packages/64/16/4efdf3e3c4079cdbf0ece56a2fea872df9e8a3e15a13a0af4400e1075944/coverage-7.14.0-cp314-cp314-musllinux_1_2_ppc64le.whl", hash = "sha256:2fb73254ff43c911c967a899e1359bc5049b4b115d6e8fbdde4937d0a2246cd5", size = 255516, upload-time = "2026-05-10T18:01:50.819Z" },
    { url = "https://files.pythonhosted.org/packages/93/69/b1de96346603881b3d1bc8d6447c83200e1c9700ffbaff926ba01ff5724c/coverage-7.14.0-cp314-cp314-musllinux_1_2_riscv64.whl", hash = "sha256:454a380af72c6adada298ed270d38c7a391288198dbfb8467f786f588751a90c", size = 251059, upload-time = "2026-05-10T18:01:52.773Z" },
    { url = "https://files.pythonhosted.org/packages/a4/66/2881853e0363a5e0a724d1103e53650795367471b6afb234f8b49e713bc6/coverage-7.14.0-cp314-cp314-musllinux_1_2_x86_64.whl", hash = "sha256:65c86fb646d2bd2972e96bd1a8b45817ed907cee68655d6295fe7ec031d04cca", size = 252716, upload-time = "2026-05-10T18:01:54.506Z" },
    { url = "https://files.pythonhosted.org/packages/55/5c/0d3305d002c41dcde873dbe456491e663dc55152ca526b630b5c47efd62f/coverage-7.14.0-cp314-cp314-win32.whl", hash = "sha256:6a6516b02a6101398e19a3f44820f69bab2590697f7def4331f668b14adaf828", size = 222788, upload-time = "2026-05-10T18:01:56.487Z" },
    { url = "https://files.pythonhosted.org/packages/f9/58/6e1b8f52fdc3184b47dc5037f5070d83a3d11042db1594b02d2a44d786c8/coverage-7.14.0-cp314-cp314-win_amd64.whl", hash = "sha256:45e0f79d8351fa76e256716df91eab12890d32678b9590df7ae1042e4bd4cf5d", size = 223600, upload-time = "2026-05-10T18:01:58.497Z" },
    { url = "https://files.pythonhosted.org/packages/00/70/a18c408e674bc26281cadaedc7351f929bd2094e191e4b15271c30b084cc/coverage-7.14.0-cp314-cp314-win_arm64.whl", hash = "sha256:4b899594a8b2d81e5cc064a0d7f9cac2081fed91049456cae7676787e41549c9", size = 222168, upload-time = "2026-05-10T18:02:00.411Z" },
    { url = "https://files.pythonhosted.org/packages/3d/89/2681f071d238b62aff8dfc2ab44fc24cfdb38d1c01f391a80522ff5d3a16/coverage-7.14.0-cp314-cp314t-macosx_10_15_x86_64.whl", hash = "sha256:f580f8c80acd94ac72e863efe2cab791d8c38d153e0b463b92dfa000d5c84cd1", size = 220766, upload-time = "2026-05-10T18:02:02.313Z" },
    { url = "https://files.pythonhosted.org/packages/bd/c7/c987babafd9207ffa1995e1ef1f9b26762cf4963aa768a66b6f0501e4616/coverage-7.14.0-cp314-cp314t-macosx_11_0_arm64.whl", hash = "sha256:a2bd259c442cd43c49b30fbafc51776eb19ea396faf159d26a83e6a0a5f13b0c", size = 221035, upload-time = "2026-05-10T18:02:04.017Z" },
    { url = "https://files.pythonhosted.org/packages/5a/e9/d6a5ac3b333088143d6fc877d398a9a674dc03124a2f776e131f03864823/coverage-7.14.0-cp314-cp314t-manylinux1_i686.manylinux_2_28_i686.manylinux_2_5_i686.whl", hash = "sha256:a706b908dfa85538863504c624b237a3cc34232bf403c057414ebfdb3b4d9f84", size = 262405, upload-time = "2026-05-10T18:02:05.915Z" },
    { url = "https://files.pythonhosted.org/packages/38/b1/e70838d29a7c08e22d44398a46db90815bbcbf28de06992bd9210d1a8d8e/coverage-7.14.0-cp314-cp314t-manylinux1_x86_64.manylinux_2_28_x86_64.manylinux_2_5_x86_64.whl", hash = "sha256:7333cd944ee4393b9b3d3c1b598c936d4fc8d70573a4c7dacfec5590dd50e436", size = 264530, upload-time = "2026-05-10T18:02:07.582Z" },
    { url = "https://files.pythonhosted.org/packages/6b/73/5c31ef97763288d03d9995152b96d5475b527c63d91c84b01caea894b83a/coverage-7.14.0-cp314-cp314t-manylinux2014_aarch64.manylinux_2_17_aarch64.manylinux_2_28_aarch64.whl", hash = "sha256:0f162bc9a15b82d947b02651b0c7e1609d6f7a8735ca330cfadec8481dd97d5a", size = 266932, upload-time = "2026-05-10T18:02:09.401Z" },
    { url = "https://files.pythonhosted.org/packages/e1/76/dd56d80f29c5f05b4d76f7e7c6d47cafacae017189c75c5759d24f9ff0cc/coverage-7.14.0-cp314-cp314t-manylinux2014_ppc64le.manylinux_2_17_ppc64le.manylinux_2_28_ppc64le.whl", hash = "sha256:362cb78e01a5dc82009d88004cf60f2e6b6d6fcbfdec05b05af73b0abf40118f", size = 268062, upload-time = "2026-05-10T18:02:11.399Z" },
    { url = "https://files.pythonhosted.org/packages/6e/c7/27ba85cd5b95614f159ff93ebff1901584a8d192e2e5e24c4943a7453f59/coverage-7.14.0-cp314-cp314t-manylinux_2_31_riscv64.manylinux_2_39_riscv64.whl", hash = "sha256:acebd068fca5512c3a6fde9c045f901613478781a73f0e82b307b214daef23fb", size = 261504, upload-time = "2026-05-10T18:02:13.257Z" },
    { url = "https://files.pythonhosted.org/packages/13/2e/e8149f60ab5d5684c6eee881bdf34b127115cddbb958b196768dd9d63473/coverage-7.14.0-cp314-cp314t-musllinux_1_2_aarch64.whl", hash = "sha256:29fe3da551dface75deb2ccbf87b6b66e2e7ef38f6d89050b428be94afff3490", size = 264398, upload-time = "2026-05-10T18:02:15.063Z" },
    { url = "https://files.pythonhosted.org/packages/d9/7f/1261b025285323225f4b4abffa5a643649dfd67e25ddca7ebcbdea3b7cb3/coverage-7.14.0-cp314-cp314t-musllinux_1_2_i686.whl", hash = "sha256:b4cc4fce8672fffcb09b0eafc167b396b3ba53c4a7230f54b7aaffbf6c835fa9", size = 262000, upload-time = "2026-05-10T18:02:16.756Z" },
    { url = "https://files.pythonhosted.org/packages/d3/dc/829c54f60b9d08389439c00f813c752781c496fc5788c78d8006db4b4f2b/coverage-7.14.0-cp314-cp314t-musllinux_1_2_ppc64le.whl", hash = "sha256:5d4a51aad8ba8bdcd2b8bd8f03d4aca19693fa2327a3470e4718a25b03481020", size = 265732, upload-time = "2026-05-10T18:02:18.817Z" },
    { url = "https://files.pythonhosted.org/packages/ed/b0/70bd1419941652fa062689cba9c3eeafb8f5e6fbb890bce41c3bdda5dbd6/coverage-7.14.0-cp314-cp314t-musllinux_1_2_riscv64.whl", hash = "sha256:9f323af3e1e4f68b60b7b247e37b8515563a61375518fa59de1af48ba28a3db6", size = 260847, upload-time = "2026-05-10T18:02:20.528Z" },
    { url = "https://files.pythonhosted.org/packages/f2/73/be40b2390656c654d35ea0015ea7ba3d945769cf80790ad5e0bb2d56d2ba/coverage-7.14.0-cp314-cp314t-musllinux_1_2_x86_64.whl", hash = "sha256:1a0abc7342ea9711c469dd8b821c6c311e6bc6aac1442e5fbd6b27fae0a8f3db", size = 263166, upload-time = "2026-05-10T18:02:22.337Z" },
    { url = "https://files.pythonhosted.org/packages/29/55/4a643f712fcf7cf2881f8ec1e0ccb7b164aff3108f69b51801246c8799f2/coverage-7.14.0-cp314-cp314t-win32.whl", hash = "sha256:a9f864ef57b7172e2db87a096642dd51e179e085ab6b2c371c29e885f65c8fb2", size = 223573, upload-time = "2026-05-10T18:02:24.11Z" },
    { url = "https://files.pythonhosted.org/packages/27/96/3acae5da0953be042c0b4dea6d6789d2f080701c77b88e44d5bd41b9219b/coverage-7.14.0-cp314-cp314t-win_amd64.whl", hash = "sha256:29943e552fdc08e082eb51400fb2f58e118a83b5542bd06531214e084399b644", size = 224680, upload-time = "2026-05-10T18:02:25.896Z" },
    { url = "https://files.pythonhosted.org/packages/93/3d/6ab5d2dd8325d838737c6f8d83d62eb6230e0d70b87b51b57bbfd08fa767/coverage-7.14.0-cp314-cp314t-win_arm64.whl", hash = "sha256:742a73ea621953b012f2c4c2219b512180dd84489acf5b1596b0aafc55b9100b", size = 222703, upload-time = "2026-05-10T18:02:27.822Z" },
    { url = "https://files.pythonhosted.org/packages/61/e8/cb8e80d6f9f55b99588625062822bf946cf03ed06315df4bd8397f5632a1/coverage-7.14.0-py3-none-any.whl", hash = "sha256:8de5b61163aee3d05c8a2beab6f47913df7981dad1baf82c414d99158c286ab1", size = 211764, upload-time = "2026-05-10T18:02:29.538Z" },
]

[[package]]
name = "customtkinter"
version = "5.2.2"
source = { registry = "https://pypi.org/simple" }
dependencies = [
    { name = "darkdetect" },
    { name = "packaging" },
]
sdist = { url = "https://files.pythonhosted.org/packages/cf/48/c5a9d44188c44702e1e3db493c741e9c779596835a761b819fe15431d163/customtkinter-5.2.2.tar.gz", hash = "sha256:fd8db3bafa961c982ee6030dba80b4c2e25858630756b513986db19113d8d207", size = 261999, upload-time = "2024-01-10T02:24:36.314Z" }
wheels = [
    { url = "https://files.pythonhosted.org/packages/3b/b1/b43b33001a77256b335511e75f257d001082350b8506c8807f30c98db052/customtkinter-5.2.2-py3-none-any.whl", hash = "sha256:14ad3e7cd3cb3b9eb642b9d4e8711ae80d3f79fb82545ad11258eeffb2e6b37c", size = 296062, upload-time = "2024-01-10T02:24:33.53Z" },
]

[[package]]
name = "darkdetect"
version = "0.8.0"
source = { registry = "https://pypi.org/simple" }
sdist = { url = "https://files.pythonhosted.org/packages/45/77/7575be73bf12dee231d0c6e60ce7fb7a7be4fcd58823374fc59a6e48262e/darkdetect-0.8.0.tar.gz", hash = "sha256:b5428e1170263eb5dea44c25dc3895edd75e6f52300986353cd63533fe7df8b1", size = 7681, upload-time = "2022-12-16T14:14:42.113Z" }
wheels = [
    { url = "https://files.pythonhosted.org/packages/f2/f2/728f041460f1b9739b85ee23b45fa5a505962ea11fd85bdbe2a02b021373/darkdetect-0.8.0-py3-none-any.whl", hash = "sha256:a7509ccf517eaad92b31c214f593dbcf138ea8a43b2935406bbd565e15527a85", size = 8955, upload-time = "2022-12-16T14:14:40.92Z" },
]

[[package]]
name = "iniconfig"
version = "2.3.0"
source = { registry = "https://pypi.org/simple" }
sdist = { url = "https://files.pythonhosted.org/packages/72/34/14ca021ce8e5dfedc35312d08ba8bf51fdd999c576889fc2c24cb97f4f10/iniconfig-2.3.0.tar.gz", hash = "sha256:c76315c77db068650d49c5b56314774a7804df16fee4402c1f19d6d15d8c4730", size = 20503, upload-time = "2025-10-18T21:55:43.219Z" }
wheels = [
    { url = "https://files.pythonhosted.org/packages/cb/b1/3846dd7f199d53cb17f49cba7e651e9ce294d8497c8c150530ed11865bb8/iniconfig-2.3.0-py3-none-any.whl", hash = "sha256:f631c04d2c48c52b84d0d0549c99ff3859c98df65b3101406327ecc7d53fbf12", size = 7484, upload-time = "2025-10-18T21:55:41.639Z" },
]

[[package]]
name = "macholib"
version = "1.16.4"
source = { registry = "https://pypi.org/simple" }
dependencies = [
    { name = "altgraph" },
]
sdist = { url = "https://files.pythonhosted.org/packages/10/2f/97589876ea967487978071c9042518d28b958d87b17dceb7cdc1d881f963/macholib-1.16.4.tar.gz", hash = "sha256:f408c93ab2e995cd2c46e34fe328b130404be143469e41bc366c807448979362", size = 59427, upload-time = "2025-11-22T08:28:38.373Z" }
wheels = [
    { url = "https://files.pythonhosted.org/packages/c7/d1/a9f36f8ecdf0fb7c9b1e78c8d7af12b8c8754e74851ac7b94a8305540fc7/macholib-1.16.4-py2.py3-none-any.whl", hash = "sha256:da1a3fa8266e30f0ce7e97c6a54eefaae8edd1e5f86f3eb8b95457cae90265ea", size = 38117, upload-time = "2025-11-22T08:28:36.939Z" },
]

[[package]]
name = "moon-to-ko"
version = "0.1.0"
source = { virtual = "." }
dependencies = [
    { name = "customtkinter" },
    { name = "pyinstaller" },
    { name = "tqdm" },
]

[package.dev-dependencies]
dev = [
    { name = "pytest" },
    { name = "pytest-cov" },
]

[package.metadata]
requires-dist = [
    { name = "customtkinter", specifier = ">=5.2.2" },
    { name = "pyinstaller", specifier = ">=6.19.0" },
    { name = "tqdm", specifier = ">=4.67.3" },
]

[package.metadata.requires-dev]
dev = [
    { name = "pytest", specifier = ">=9.0.2" },
    { name = "pytest-cov", specifier = ">=7.1.0" },
]

[[package]]
name = "packaging"
version = "26.0"
source = { registry = "https://pypi.org/simple" }
sdist = { url = "https://files.pythonhosted.org/packages/65/ee/299d360cdc32edc7d2cf530f3accf79c4fca01e96ffc950d8a52213bd8e4/packaging-26.0.tar.gz", hash = "sha256:00243ae351a257117b6a241061796684b084ed1c516a08c48a3f7e147a9d80b4", size = 143416, upload-time = "2026-01-21T20:50:39.064Z" }
wheels = [
    { url = "https://files.pythonhosted.org/packages/b7/b9/c538f279a4e237a006a2c98387d081e9eb060d203d8ed34467cc0f0b9b53/packaging-26.0-py3-none-any.whl", hash = "sha256:b36f1fef9334a5588b4166f8bcd26a14e521f2b55e6b9de3aaa80d3ff7a37529", size = 74366, upload-time = "2026-01-21T20:50:37.788Z" },
]

[[package]]
name = "pefile"
version = "2024.8.26"
source = { registry = "https://pypi.org/simple" }
sdist = { url = "https://files.pythonhosted.org/packages/03/4f/2750f7f6f025a1507cd3b7218691671eecfd0bbebebe8b39aa0fe1d360b8/pefile-2024.8.26.tar.gz", hash = "sha256:3ff6c5d8b43e8c37bb6e6dd5085658d658a7a0bdcd20b6a07b1fcfc1c4e9d632", size = 76008, upload-time = "2024-08-26T20:58:38.155Z" }
wheels = [
    { url = "https://files.pythonhosted.org/packages/54/16/12b82f791c7f50ddec566873d5bdd245baa1491bac11d15ffb98aecc8f8b/pefile-2024.8.26-py3-none-any.whl", hash = "sha256:76f8b485dcd3b1bb8166f1128d395fa3d87af26360c2358fb75b80019b957c6f", size = 74766, upload-time = "2024-08-26T21:01:02.632Z" },
]

[[package]]
name = "pluggy"
version = "1.6.0"
source = { registry = "https://pypi.org/simple" }
sdist = { url = "https://files.pythonhosted.org/packages/f9/e2/3e91f31a7d2b083fe6ef3fa267035b518369d9511ffab804f839851d2779/pluggy-1.6.0.tar.gz", hash = "sha256:7dcc130b76258d33b90f61b658791dede3486c3e6bfb003ee5c9bfb396dd22f3", size = 69412, upload-time = "2025-05-15T12:30:07.975Z" }
wheels = [
    { url = "https://files.pythonhosted.org/packages/54/20/4d324d65cc6d9205fabedc306948156824eb9f0ee1633355a8f7ec5c66bf/pluggy-1.6.0-py3-none-any.whl", hash = "sha256:e920276dd6813095e9377c0bc5566d94c932c33b27a3e3945d8389c374dd4746", size = 20538, upload-time = "2025-05-15T12:30:06.134Z" },
]

[[package]]
name = "pygments"
version = "2.19.2"
source = { registry = "https://pypi.org/simple" }
sdist = { url = "https://files.pythonhosted.org/packages/b0/77/a5b8c569bf593b0140bde72ea885a803b82086995367bf2037de0159d924/pygments-2.19.2.tar.gz", hash = "sha256:636cb2477cec7f8952536970bc533bc43743542f70392ae026374600add5b887", size = 4968631, upload-time = "2025-06-21T13:39:12.283Z" }
wheels = [
    { url = "https://files.pythonhosted.org/packages/c7/21/705964c7812476f378728bdf590ca4b771ec72385c533964653c68e86bdc/pygments-2.19.2-py3-none-any.whl", hash = "sha256:86540386c03d588bb81d44bc3928634ff26449851e99741617ecb9037ee5ec0b", size = 1225217, upload-time = "2025-06-21T13:39:07.939Z" },
]

[[package]]
name = "pyinstaller"
version = "6.19.0"
source = { registry = "https://pypi.org/simple" }
dependencies = [
    { name = "altgraph" },
    { name = "macholib", marker = "sys_platform == 'darwin'" },
    { name = "packaging" },
    { name = "pefile", marker = "sys_platform == 'win32'" },
    { name = "pyinstaller-hooks-contrib" },
    { name = "pywin32-ctypes", marker = "sys_platform == 'win32'" },
    { name = "setuptools" },
]
sdist = { url = "https://files.pythonhosted.org/packages/c8/63/fd62472b6371d89dc138d40c36d87a50dc2de18a035803bbdc376b4ffac4/pyinstaller-6.19.0.tar.gz", hash = "sha256:ec73aeb8bd9b7f2f1240d328a4542e90b3c6e6fbc106014778431c616592a865", size = 4036072, upload-time = "2026-02-14T18:06:28.718Z" }
wheels = [
    { url = "https://files.pythonhosted.org/packages/e3/eb/23374721fecfa72677e79800921cb6aceefa6ba48574dc404f3f6c6c3be7/pyinstaller-6.19.0-py3-none-macosx_10_13_universal2.whl", hash = "sha256:4190e76b74f0c4b5c5f11ac360928cd2e36ec8e3194d437bf6b8648c7bc0c134", size = 1040563, upload-time = "2026-02-14T18:05:22.436Z" },
    { url = "https://files.pythonhosted.org/packages/cd/7e/dfd724b0b533f5aaec0ee5df406fe2319987ed6964480a706f85478b12ea/pyinstaller-6.19.0-py3-none-manylinux2014_aarch64.whl", hash = "sha256:8bd68abd812d8a6ba33b9f1810e91fee0f325969733721b78151f0065319ca11", size = 735477, upload-time = "2026-02-14T18:05:27.143Z" },
    { url = "https://files.pythonhosted.org/packages/88/c9/ee3a4101c31f26344e66896c73c1fd6ed8282bf871473365b7f8674af406/pyinstaller-6.19.0-py3-none-manylinux2014_i686.whl", hash = "sha256:1ec54ef967996ca61dacba676227e2b23219878ccce5ee9d6f3aada7b8ed8abf", size = 747143, upload-time = "2026-02-14T18:05:31.488Z" },
    { url = "https://files.pythonhosted.org/packages/da/0a/fc77e9f861be8cf300ac37155f59cc92aff99b29f2ddd78546f563a5b5a6/pyinstaller-6.19.0-py3-none-manylinux2014_ppc64le.whl", hash = "sha256:4ab2bb52e58448e14ddf9450601bdedd66800465043501c1d8f1cab87b60b122", size = 744849, upload-time = "2026-02-14T18:05:35.492Z" },
    { url = "https://files.pythonhosted.org/packages/6d/e3/6872e020ee758afe0b821663858492c10745608b07150e5e2c824a5b3e1c/pyinstaller-6.19.0-py3-none-manylinux2014_s390x.whl", hash = "sha256:da6d5c6391ccefe73554b9fa29b86001c8e378e0f20c2a4004f836ba537eff63", size = 741590, upload-time = "2026-02-14T18:05:39.59Z" },
    { url = "https://files.pythonhosted.org/packages/53/60/b8db5f1a4b0fb228175f2ea0aa33f949adcc097fbe981cc524f9faf85777/pyinstaller-6.19.0-py3-none-manylinux2014_x86_64.whl", hash = "sha256:a0fc5f6b3c55aa54353f0c74ffa59b1115433c1850c6f655d62b461a2ed6cbbe", size = 741448, upload-time = "2026-02-14T18:05:45.636Z" },
    { url = "https://files.pythonhosted.org/packages/6f/4d/63b0600f2694e9141b83129fbc1c488ec84d5a0770b1448ec154dcd0fee9/pyinstaller-6.19.0-py3-none-musllinux_1_1_aarch64.whl", hash = "sha256:e649ba6bd1b0b89b210ad92adb5fbdc8a42dd2c5ca4f72ef3a0bfec83a424b83", size = 740613, upload-time = "2026-02-14T18:05:49.726Z" },
    { url = "https://files.pythonhosted.org/packages/01/d4/e812ad36178093a0e9fd4b8127577748dd85b0cb71de912229dca21fd741/pyinstaller-6.19.0-py3-none-musllinux_1_1_x86_64.whl", hash = "sha256:481a909c8e60c8692fc60fcb1344d984b44b943f8bc9682f2fcdae305ad297e6", size = 740350, upload-time = "2026-02-14T18:05:54.093Z" },
    { url = "https://files.pythonhosted.org/packages/52/03/b2c2ee41fb8e10fd2a45d21f5ec2ef25852cfb978dbf762972eed59e3d63/pyinstaller-6.19.0-py3-none-win32.whl", hash = "sha256:3c5c251054fe4cfaa04c34a363dcfbf811545438cb7198304cd444756bc2edd2", size = 1324317, upload-time = "2026-02-14T18:06:00.085Z" },
    { url = "https://files.pythonhosted.org/packages/9c/d3/6d5e62b8270e2b53a6065e281b3a7785079b00e9019c8019952828dd1669/pyinstaller-6.19.0-py3-none-win_amd64.whl", hash = "sha256:b5bb6536c6560330d364d91522250f254b107cf69129d9cbcd0e6727c570be33", size = 1384894, upload-time = "2026-02-14T18:06:06.425Z" },
    { url = "https://files.pythonhosted.org/packages/81/65/458cd523308a101a22fd2742893405030cc24994cc74b1b767cecf137160/pyinstaller-6.19.0-py3-none-win_arm64.whl", hash = "sha256:c2d5a539b0bfe6159d5522c8c70e1c0e487f22c2badae0f97d45246223b798ea", size = 1325374, upload-time = "2026-02-14T18:06:12.804Z" },
]

[[package]]
name = "pyinstaller-hooks-contrib"
version = "2026.3"
source = { registry = "https://pypi.org/simple" }
dependencies = [
    { name = "packaging" },
    { name = "setuptools" },
]
sdist = { url = "https://files.pythonhosted.org/packages/80/17/716326f6ba18d0663f7995ae369c23e50efebc22fbb054e9710a45688f61/pyinstaller_hooks_contrib-2026.3.tar.gz", hash = "sha256:800d3a198a49a6cd0de2d7fb795005fdca7a0222ed9cb47c0691abd1c27b9310", size = 172323, upload-time = "2026-03-09T22:44:06.345Z" }
wheels = [
    { url = "https://files.pythonhosted.org/packages/ed/19/781352446af28755f16ce52b2d97f7a6f2d7974ac34c00ca5cd8c40c9098/pyinstaller_hooks_contrib-2026.3-py3-none-any.whl", hash = "sha256:5ecd1068ad262afecadf07556279d2be52ca93a88b049fae17f1a2eb2969254a", size = 454625, upload-time = "2026-03-09T22:44:04.717Z" },
]

[[package]]
name = "pytest"
version = "9.0.2"
source = { registry = "https://pypi.org/simple" }
dependencies = [
    { name = "colorama", marker = "sys_platform == 'win32'" },
    { name = "iniconfig" },
    { name = "packaging" },
    { name = "pluggy" },
    { name = "pygments" },
]
sdist = { url = "https://files.pythonhosted.org/packages/d1/db/7ef3487e0fb0049ddb5ce41d3a49c235bf9ad299b6a25d5780a89f19230f/pytest-9.0.2.tar.gz", hash = "sha256:75186651a92bd89611d1d9fc20f0b4345fd827c41ccd5c299a868a05d70edf11", size = 1568901, upload-time = "2025-12-06T21:30:51.014Z" }
wheels = [
    { url = "https://files.pythonhosted.org/packages/3b/ab/b3226f0bd7cdcf710fbede2b3548584366da3b19b5021e74f5bde2a8fa3f/pytest-9.0.2-py3-none-any.whl", hash = "sha256:711ffd45bf766d5264d487b917733b453d917afd2b0ad65223959f59089f875b", size = 374801, upload-time = "2025-12-06T21:30:49.154Z" },
]

[[package]]
name = "pytest-cov"
version = "7.1.0"
source = { registry = "https://pypi.org/simple" }
dependencies = [
    { name = "coverage" },
    { name = "pluggy" },
    { name = "pytest" },
]
sdist = { url = "https://files.pythonhosted.org/packages/b1/51/a849f96e117386044471c8ec2bd6cfebacda285da9525c9106aeb28da671/pytest_cov-7.1.0.tar.gz", hash = "sha256:30674f2b5f6351aa09702a9c8c364f6a01c27aae0c1366ae8016160d1efc56b2", size = 55592, upload-time = "2026-03-21T20:11:16.284Z" }
wheels = [
    { url = "https://files.pythonhosted.org/packages/9d/7a/d968e294073affff457b041c2be9868a40c1c71f4a35fcc1e45e5493067b/pytest_cov-7.1.0-py3-none-any.whl", hash = "sha256:a0461110b7865f9a271aa1b51e516c9a95de9d696734a2f71e3e78f46e1d4678", size = 22876, upload-time = "2026-03-21T20:11:14.438Z" },
]

[[package]]
name = "pywin32-ctypes"
version = "0.2.3"
source = { registry = "https://pypi.org/simple" }
sdist = { url = "https://files.pythonhosted.org/packages/85/9f/01a1a99704853cb63f253eea009390c88e7131c67e66a0a02099a8c917cb/pywin32-ctypes-0.2.3.tar.gz", hash = "sha256:d162dc04946d704503b2edc4d55f3dba5c1d539ead017afa00142c38b9885755", size = 29471, upload-time = "2024-08-14T10:15:34.626Z" }
wheels = [
    { url = "https://files.pythonhosted.org/packages/de/3d/8161f7711c017e01ac9f008dfddd9410dff3674334c233bde66e7ba65bbf/pywin32_ctypes-0.2.3-py3-none-any.whl", hash = "sha256:8a1513379d709975552d202d942d9837758905c8d01eb82b8bcc30918929e7b8", size = 30756, upload-time = "2024-08-14T10:15:33.187Z" },
]

[[package]]
name = "setuptools"
version = "82.0.1"
source = { registry = "https://pypi.org/simple" }
sdist = { url = "https://files.pythonhosted.org/packages/4f/db/cfac1baf10650ab4d1c111714410d2fbb77ac5a616db26775db562c8fab2/setuptools-82.0.1.tar.gz", hash = "sha256:7d872682c5d01cfde07da7bccc7b65469d3dca203318515ada1de5eda35efbf9", size = 1152316, upload-time = "2026-03-09T12:47:17.221Z" }
wheels = [
    { url = "https://files.pythonhosted.org/packages/9d/76/f789f7a86709c6b087c5a2f52f911838cad707cc613162401badc665acfe/setuptools-82.0.1-py3-none-any.whl", hash = "sha256:a59e362652f08dcd477c78bb6e7bd9d80a7995bc73ce773050228a348ce2e5bb", size = 1006223, upload-time = "2026-03-09T12:47:15.026Z" },
]

[[package]]
name = "tqdm"
version = "4.67.3"
source = { registry = "https://pypi.org/simple" }
dependencies = [
    { name = "colorama", marker = "sys_platform == 'win32'" },
]
sdist = { url = "https://files.pythonhosted.org/packages/09/a9/6ba95a270c6f1fbcd8dac228323f2777d886cb206987444e4bce66338dd4/tqdm-4.67.3.tar.gz", hash = "sha256:7d825f03f89244ef73f1d4ce193cb1774a8179fd96f31d7e1dcde62092b960bb", size = 169598, upload-time = "2026-02-03T17:35:53.048Z" }
wheels = [
    { url = "https://files.pythonhosted.org/packages/16/e1/3079a9ff9b8e11b846c6ac5c8b5bfb7ff225eee721825310c91b3b50304f/tqdm-4.67.3-py3-none-any.whl", hash = "sha256:ee1e4c0e59148062281c49d80b25b67771a127c85fc9676d3be5f243206826bf", size = 78374, upload-time = "2026-02-03T17:35:50.982Z" },
]
